<?xml version="1.0" encoding="utf-8"?>
<Project ToolsVersion="4.0" xmlns="http://schemas.microsoft.com/developer/msbuild/2003">
  <ItemGroup>
    <Filter Include="Source Files">
      <UniqueIdentifier>{4FC737F1-C7A5-4376-A066-2A32D752A2FF}</UniqueIdentifier>
      <Extensions>cpp;c;cc;cxx;def;odl;idl;hpj;bat;asm;asmx</Extensions>
    </Filter>
    <Filter Include="Header Files">
      <UniqueIdentifier>{93995380-89BD-4b04-88EB-625FBE52EBFB}</UniqueIdentifier>
      <Extensions>h;hh;hpp;hxx;hm;inl;inc;ipp;xsd</Extensions>
    </Filter>
    <Filter Include="Resource Files">
      <UniqueIdentifier>{67DA6AB6-F800-4c08-8B7A-83BB121AAD01}</UniqueIdentifier>
      <Extensions>rc;ico;cur;bmp;dlg;rc2;rct;bin;rgs;gif;jpg;jpeg;jpe;resx;tiff;tif;png;wav;mfcribbon-ms</Extensions>
    </Filter>
  </ItemGroup>
  <ItemGroup>
    <ClCompile Include="main.cpp">
      <Filter>Source Files</Filter>
    </ClCompile>
    <ClCompile Include="raytracer.cpp">
      <Filter>Source Files</Filter>
    </ClCompile>
    <ClCompile Include="debugging\debugtools.cpp">
      <Filter>Source Files</Filter>
    </ClCompile>
    <ClCompile Include="ray\ray.cpp">
      <Filter>Source Files</Filter>
    </ClCompile>
    <ClCompile Include="ray\intersection.cpp">
      <Filter>Source Files</Filter>
    </ClCompile>
    <ClCompile Include="world\lights\light.cpp">
      <Filter>Source Files</Filter>
    </ClCompile>
    <ClCompile Include="world\objects\plane.cpp">
      <Filter>Source Files</Filter>
    </ClCompile>
    <ClCompile Include="world\objects\quadrilateral.cpp">
      <Filter>Source Files</Filter>
    </ClCompile>
    <ClCompile Include="world\objects\sceneobject.cpp">
      <Filter>Source Files</Filter>
    </ClCompile>
    <ClCompile Include="world\objects\sphere.cpp">
      <Filter>Source Files</Filter>
    </ClCompile>
    <ClCompile Include="world\objects\triangle.cpp">
      <Filter>Source Files</Filter>
    </ClCompile>
    <ClCompile Include="world\scenes\scene.cpp">
      <Filter>Source Files</Filter>
    </ClCompile>
    <ClCompile Include="world\scenes\scenewhitted.cpp">
      <Filter>Source Files</Filter>
    </ClCompile>
    <ClCompile Include="rendering\camera.cpp">
      <Filter>Source Files</Filter>
    </ClCompile>
    <ClCompile Include="math\MathLibrary.cpp">
      <Filter>Source Files</Filter>
    </ClCompile>
    <ClCompile Include="world\entity.cpp">
      <Filter>Source Files</Filter>
    </ClCompile>
    <ClCompile Include="math\color.cpp">
      <Filter>Source Files</Filter>
    </ClCompile>
    <ClCompile Include="rendering\renderer.cpp">
      <Filter>Source Files</Filter>
    </ClCompile>
    <ClCompile Include="world\scenes\scenecornell.cpp">
      <Filter>Source Files</Filter>
    </ClCompile>
    <ClCompile Include="world\lights\pointlight.cpp">
      <Filter>Source Files</Filter>
    </ClCompile>
    <ClCompile Include="world\lights\directionallight.cpp">
      <Filter>Source Files</Filter>
    </ClCompile>
    <ClCompile Include="world\objects\aabb.cpp">
      <Filter>Source Files</Filter>
    </ClCompile>
    <ClCompile Include="world\scenes\sceneboxes.cpp">
      <Filter>Source Files</Filter>
    </ClCompile>
    <ClCompile Include="world\scenes\sceneshadingtest.cpp">
      <Filter>Source Files</Filter>
    </ClCompile>
    <ClCompile Include="world\scenes\scenetest.cpp">
      <Filter>Source Files</Filter>
    </ClCompile>
    <ClCompile Include="world\objects\boundingvolumes\boundingvolume.cpp">
      <Filter>Source Files</Filter>
    </ClCompile>
    <ClCompile Include="world\scenes\sceneacceleration.cpp">
      <Filter>Source Files</Filter>
    </ClCompile>
    <ClCompile Include="userinput\commandlineinputhandler.cpp">
      <Filter>Source Files</Filter>
    </ClCompile>
  </ItemGroup>
  <ItemGroup>
    <ClInclude Include="raytracer.h">
      <Filter>Header Files</Filter>
    </ClInclude>
    <ClInclude Include="debugging\debugtools.h">
      <Filter>Header Files</Filter>
    </ClInclude>
    <ClInclude Include="ray\ray.h">
      <Filter>Header Files</Filter>
    </ClInclude>
    <ClInclude Include="ray\intersection.h">
      <Filter>Header Files</Filter>
    </ClInclude>
    <ClInclude Include="debugging\debugprofiletimerdata.h">
      <Filter>Header Files</Filter>
    </ClInclude>
    <ClInclude Include="world\lights\light.h">
      <Filter>Header Files</Filter>
    </ClInclude>
    <ClInclude Include="world\objects\plane.h">
      <Filter>Header Files</Filter>
    </ClInclude>
    <ClInclude Include="world\objects\quadrilateral.h">
      <Filter>Header Files</Filter>
    </ClInclude>
    <ClInclude Include="world\objects\sceneobject.h">
      <Filter>Header Files</Filter>
    </ClInclude>
    <ClInclude Include="world\objects\sphere.h">
      <Filter>Header Files</Filter>
    </ClInclude>
    <ClInclude Include="world\objects\triangle.h">
      <Filter>Header Files</Filter>
    </ClInclude>
    <ClInclude Include="world\scenes\scene.h">
      <Filter>Header Files</Filter>
    </ClInclude>
    <ClInclude Include="world\scenes\scenewhitted.h">
      <Filter>Header Files</Filter>
    </ClInclude>
    <ClInclude Include="rendering\camera.h">
      <Filter>Header Files</Filter>
    </ClInclude>
    <ClInclude Include="math\MathLibrary.h">
      <Filter>Header Files</Filter>
    </ClInclude>
    <ClInclude Include="world\entity.h">
      <Filter>Header Files</Filter>
    </ClInclude>
    <ClInclude Include="math\color.h">
      <Filter>Header Files</Filter>
    </ClInclude>
    <ClInclude Include="rendering\materials\material.h">
      <Filter>Header Files</Filter>
    </ClInclude>
    <ClInclude Include="rendering\materials\materialdefault.h">
      <Filter>Header Files</Filter>
    </ClInclude>
    <ClInclude Include="rendering\materials\materialproccheckerboard.h">
      <Filter>Header Files</Filter>
    </ClInclude>
    <ClInclude Include="rendering\renderer.h">
      <Filter>Header Files</Filter>
    </ClInclude>
    <ClInclude Include="world\scenes\scenecornell.h">
      <Filter>Header Files</Filter>
    </ClInclude>
    <ClInclude Include="world\lights\pointlight.h">
      <Filter>Header Files</Filter>
    </ClInclude>
    <ClInclude Include="world\lights\directionallight.h">
      <Filter>Header Files</Filter>
    </ClInclude>
    <ClInclude Include="world\objects\aabb.h">
      <Filter>Header Files</Filter>
    </ClInclude>
    <ClInclude Include="world\scenes\sceneboxes.h">
      <Filter>Header Files</Filter>
    </ClInclude>
    <ClInclude Include="world\scenes\sceneshadingtest.h">
      <Filter>Header Files</Filter>
    </ClInclude>
    <ClInclude Include="world\scenes\scenetest.h">
      <Filter>Header Files</Filter>
    </ClInclude>
    <ClInclude Include="world\objects\boundingvolumes\boundingvolume.h">
      <Filter>Header Files</Filter>
    </ClInclude>
    <ClInclude Include="world\scenes\sceneacceleration.h">
      <Filter>Header Files</Filter>
    </ClInclude>
    <ClInclude Include="userinput\commandlineinputhandler.h">
      <Filter>Header Files</Filter>
    </ClInclude>
  </ItemGroup>
</Project>